
Microsoft Visual Studio Solution File, Format Version 12.00
# Visual Studio 2013
VisualStudioVersion = 12.0.31101.0
MinimumVisualStudioVersion = 10.0.40219.1
Project("{FAE04EC0-301F-11D3-BF4B-00C04F79EFBC}") = "WebService", "WebService\WebService.csproj", "{A20F7BBF-E7D9-405A-A73E-AC0933065D9A}"
EndProject
Project("{FAE04EC0-301F-11D3-BF4B-00C04F79EFBC}") = "consumeWS", "consumeWS\consumeWS.csproj", "{CD874EBD-B674-4AA2-ADCA-D20F51834978}"
	ProjectSection(ProjectDependencies) = postProject
		{A20F7BBF-E7D9-405A-A73E-AC0933065D9A} = {A20F7BBF-E7D9-405A-A73E-AC0933065D9A}
	EndProjectSection
EndProject
Global
	GlobalSection(SolutionConfigurationPlatforms) = preSolution
		Debug|Any CPU = Debug|Any CPU
		Release|Any CPU = Release|Any CPU
	EndGlobalSection
	GlobalSection(ProjectConfigurationPlatforms) = postSolution
		{A20F7BBF-E7D9-405A-A73E-AC0933065D9A}.Debug|Any CPU.ActiveCfg = Debug|Any CPU
		{A20F7BBF-E7D9-405A-A73E-AC0933065D9A}.Debug|Any CPU.Build.0 = Debug|Any CPU
		{A20F7BBF-E7D9-405A-A73E-AC0933065D9A}.Release|Any CPU.ActiveCfg = Release|Any CPU
		{A20F7BBF-E7D9-405A-A73E-AC0933065D9A}.Release|Any CPU.Build.0 = Release|Any CPU
		{CD874EBD-B674-4AA2-ADCA-D20F51834978}.Debug|Any CPU.ActiveCfg = Debug|Any CPU
		{CD874EBD-B674-4AA2-ADCA-D20F51834978}.Debug|Any CPU.Build.0 = Debug|Any CPU
		{CD874EBD-B674-4AA2-ADCA-D20F51834978}.Release|Any CPU.ActiveCfg = Release|Any CPU
		{CD874EBD-B674-4AA2-ADCA-D20F51834978}.Release|Any CPU.Build.0 = Release|Any CPU
	EndGlobalSection
	GlobalSection(SolutionProperties) = preSolution
		HideSolutionNode = FALSE
	EndGlobalSection
EndGlobal
